// !$*UTF8*$!
{
	archiveVersion = 1;
	classes = {
	};
	objectVersion = 50;
	objects = {

/* Begin PBXBuildFile section */
		9CB8FC0222CA98C200F1820F /* AppDelegate.swift in Sources */ = {isa = PBXBuildFile; fileRef = 9CB8FC0122CA98C200F1820F /* AppDelegate.swift */; };
		9CB8FC0422CA98C200F1820F /* ViewController.swift in Sources */ = {isa = PBXBuildFile; fileRef = 9CB8FC0322CA98C200F1820F /* ViewController.swift */; };
		9CB8FC0922CA98C400F1820F /* Assets.xcassets in Resources */ = {isa = PBXBuildFile; fileRef = 9CB8FC0822CA98C400F1820F /* Assets.xcassets */; };
		9CB8FC0C22CA98C400F1820F /* LaunchScreen.storyboard in Resources */ = {isa = PBXBuildFile; fileRef = 9CB8FC0A22CA98C400F1820F /* LaunchScreen.storyboard */; };
		9CB8FC1522CAA84C00F1820F /* Localizable.strings in Resources */ = {isa = PBXBuildFile; fileRef = 9CB8FC1422CAA84C00F1820F /* Localizable.strings */; };
		9CB8FC1722CAA86F00F1820F /* NetworkConstants.swift in Sources */ = {isa = PBXBuildFile; fileRef = 9CB8FC1622CAA86F00F1820F /* NetworkConstants.swift */; };
		9CB8FC1C22CAAC0600F1820F /* TableViewCell.swift in Sources */ = {isa = PBXBuildFile; fileRef = 9CB8FC1B22CAAC0600F1820F /* TableViewCell.swift */; };
		9CB8FC2022CAACE000F1820F /* RedditItem.swift in Sources */ = {isa = PBXBuildFile; fileRef = 9CB8FC1F22CAACE000F1820F /* RedditItem.swift */; };
/* End PBXBuildFile section */

/* Begin PBXFileReference section */
		9CB8FBFE22CA98C200F1820F /* Datamindedsolutions.app */ = {isa = PBXFileReference; explicitFileType = wrapper.application; includeInIndex = 0; path = Datamindedsolutions.app; sourceTree = BUILT_PRODUCTS_DIR; };
		9CB8FC0122CA98C200F1820F /* AppDelegate.swift */ = {isa = PBXFileReference; lastKnownFileType = sourcecode.swift; path = AppDelegate.swift; sourceTree = "<group>"; };
		9CB8FC0322CA98C200F1820F /* ViewController.swift */ = {isa = PBXFileReference; lastKnownFileType = sourcecode.swift; path = ViewController.swift; sourceTree = "<group>"; };
		9CB8FC0822CA98C400F1820F /* Assets.xcassets */ = {isa = PBXFileReference; lastKnownFileType = folder.assetcatalog; path = Assets.xcassets; sourceTree = "<group>"; };
		9CB8FC0B22CA98C400F1820F /* Base */ = {isa = PBXFileReference; lastKnownFileType = file.storyboard; name = Base; path = Base.lproj/LaunchScreen.storyboard; sourceTree = "<group>"; };
		9CB8FC0D22CA98C400F1820F /* Info.plist */ = {isa = PBXFileReference; lastKnownFileType = text.plist.xml; path = Info.plist; sourceTree = "<group>"; };
		9CB8FC1422CAA84C00F1820F /* Localizable.strings */ = {isa = PBXFileReference; fileEncoding = 4; lastKnownFileType = text.plist.strings; path = Localizable.strings; sourceTree = "<group>"; };
		9CB8FC1622CAA86F00F1820F /* NetworkConstants.swift */ = {isa = PBXFileReference; fileEncoding = 4; lastKnownFileType = sourcecode.swift; path = NetworkConstants.swift; sourceTree = "<group>"; };
		9CB8FC1B22CAAC0600F1820F /* TableViewCell.swift */ = {isa = PBXFileReference; lastKnownFileType = sourcecode.swift; path = TableViewCell.swift; sourceTree = "<group>"; };
		9CB8FC1F22CAACE000F1820F /* RedditItem.swift */ = {isa = PBXFileReference; lastKnownFileType = sourcecode.swift; path = RedditItem.swift; sourceTree = "<group>"; };
/* End PBXFileReference section */

/* Begin PBXFrameworksBuildPhase section */
		9CB8FBFB22CA98C200F1820F /* Frameworks */ = {
			isa = PBXFrameworksBuildPhase;
			buildActionMask = 2147483647;
			files = (
			);
			runOnlyForDeploymentPostprocessing = 0;
		};
/* End PBXFrameworksBuildPhase section */

/* Begin PBXGroup section */
		9CB8FBF522CA98C200F1820F = {
			isa = PBXGroup;
			children = (
				9CB8FC0022CA98C200F1820F /* Datamindedsolutions */,
				9CB8FBFF22CA98C200F1820F /* Products */,
			);
			sourceTree = "<group>";
		};
		9CB8FBFF22CA98C200F1820F /* Products */ = {
			isa = PBXGroup;
			children = (
				9CB8FBFE22CA98C200F1820F /* Datamindedsolutions.app */,
			);
			name = Products;
			sourceTree = "<group>";
		};
		9CB8FC0022CA98C200F1820F /* Datamindedsolutions */ = {
			isa = PBXGroup;
			children = (
				9CB8FC1D22CAACB700F1820F /* Models */,
				9CB8FC1822CAABD300F1820F /* Views */,
				9CB8FC0122CA98C200F1820F /* AppDelegate.swift */,
				9CB8FC0322CA98C200F1820F /* ViewController.swift */,
				9CB8FC0A22CA98C400F1820F /* LaunchScreen.storyboard */,
				9CB8FC0D22CA98C400F1820F /* Info.plist */,
				9CB8FC1322CAA82200F1820F /* SupportData */,
			);
			path = Datamindedsolutions;
			sourceTree = "<group>";
		};
		9CB8FC1322CAA82200F1820F /* SupportData */ = {
			isa = PBXGroup;
			children = (
				9CB8FC0822CA98C400F1820F /* Assets.xcassets */,
				9CB8FC1422CAA84C00F1820F /* Localizable.strings */,
				9CB8FC1622CAA86F00F1820F /* NetworkConstants.swift */,
			);
			path = SupportData;
			sourceTree = "<group>";
		};
		9CB8FC1822CAABD300F1820F /* Views */ = {
			isa = PBXGroup;
			children = (
				9CB8FC1922CAABE100F1820F /* Cells */,
			);
			path = Views;
			sourceTree = "<group>";
		};
		9CB8FC1922CAABE100F1820F /* Cells */ = {
			isa = PBXGroup;
			children = (
				9CB8FC1A22CAABEC00F1820F /* TableViewCell */,
			);
			path = Cells;
			sourceTree = "<group>";
		};
		9CB8FC1A22CAABEC00F1820F /* TableViewCell */ = {
			isa = PBXGroup;
			children = (
				9CB8FC1B22CAAC0600F1820F /* TableViewCell.swift */,
			);
			path = TableViewCell;
			sourceTree = "<group>";
		};
		9CB8FC1D22CAACB700F1820F /* Models */ = {
			isa = PBXGroup;
			children = (
				9CB8FC1E22CAACC100F1820F /* RedditItem */,
			);
			path = Models;
			sourceTree = "<group>";
		};
		9CB8FC1E22CAACC100F1820F /* RedditItem */ = {
			isa = PBXGroup;
			children = (
				9CB8FC1F22CAACE000F1820F /* RedditItem.swift */,
			);
			path = RedditItem;
			sourceTree = "<group>";
		};
/* End PBXGroup section */

/* Begin PBXNativeTarget section */
		9CB8FBFD22CA98C200F1820F /* Datamindedsolutions */ = {
			isa = PBXNativeTarget;
			buildConfigurationList = 9CB8FC1022CA98C400F1820F /* Build configuration list for PBXNativeTarget "Datamindedsolutions" */;
			buildPhases = (
				9CB8FBFA22CA98C200F1820F /* Sources */,
				9CB8FBFB22CA98C200F1820F /* Frameworks */,
				9CB8FBFC22CA98C200F1820F /* Resources */,
			);
			buildRules = (
			);
			dependencies = (
			);
			name = Datamindedsolutions;
			productName = Datamindedsolutions;
			productReference = 9CB8FBFE22CA98C200F1820F /* Datamindedsolutions.app */;
			productType = "com.apple.product-type.application";
		};
/* End PBXNativeTarget section */

/* Begin PBXProject section */
		9CB8FBF622CA98C200F1820F /* Project object */ = {
			isa = PBXProject;
			attributes = {
				LastSwiftUpdateCheck = 1020;
				LastUpgradeCheck = 1020;
				ORGANIZATIONNAME = "Anton Sakovych";
				TargetAttributes = {
					9CB8FBFD22CA98C200F1820F = {
						CreatedOnToolsVersion = 10.2.1;
					};
				};
			};
			buildConfigurationList = 9CB8FBF922CA98C200F1820F /* Build configuration list for PBXProject "Datamindedsolutions" */;
			compatibilityVersion = "Xcode 9.3";
			developmentRegion = en;
			hasScannedForEncodings = 0;
			knownRegions = (
				en,
				Base,
			);
			mainGroup = 9CB8FBF522CA98C200F1820F;
			productRefGroup = 9CB8FBFF22CA98C200F1820F /* Products */;
			projectDirPath = "";
			projectRoot = "";
			targets = (
				9CB8FBFD22CA98C200F1820F /* Datamindedsolutions */,
			);
		};
/* End PBXProject section */

/* Begin PBXResourcesBuildPhase section */
		9CB8FBFC22CA98C200F1820F /* Resources */ = {
			isa = PBXResourcesBuildPhase;
			buildActionMask = 2147483647;
			files = (
				9CB8FC0C22CA98C400F1820F /* LaunchScreen.storyboard in Resources */,
				9CB8FC1522CAA84C00F1820F /* Localizable.strings in Resources */,
				9CB8FC0922CA98C400F1820F /* Assets.xcassets in Resources */,
			);
			runOnlyForDeploymentPostprocessing = 0;
		};
/* End PBXResourcesBuildPhase section */

/* Begin PBXSourcesBuildPhase section */
		9CB8FBFA22CA98C200F1820F /* Sources */ = {
			isa = PBXSourcesBuildPhase;
			buildActionMask = 2147483647;
			files = (
				9CB8FC2022CAACE000F1820F /* RedditItem.swift in Sources */,
				9CB8FC1722CAA86F00F1820F /* NetworkConstants.swift in Sources */,
				9CB8FC1C22CAAC0600F1820F /* TableViewCell.swift in Sources */,
				9CB8FC0422CA98C200F1820F /* ViewController.swift in Sources */,
				9CB8FC0222CA98C200F1820F /* AppDelegate.swift in Sources */,
			);
			runOnlyForDeploymentPostprocessing = 0;
		};
/* End PBXSourcesBuildPhase section */

/* Begin PBXVariantGroup section */
		9CB8FC0A22CA98C400F1820F /* LaunchScreen.storyboard */ = {
			isa = PBXVariantGroup;
			children = (
				9CB8FC0B22CA98C400F1820F /* Base */,
			);
			name = LaunchScreen.storyboard;
			sourceTree = "<group>";
		};
/* End PBXVariantGroup section */

/* Begin XCBuildConfiguration section */
		9CB8FC0E22CA98C400F1820F /* Debug */ = {
			isa = XCBuildConfiguration;
			buildSettings = {
				ALWAYS_SEARCH_USER_PATHS = NO;
				CLANG_ANALYZER_NONNULL = YES;
				CLANG_ANALYZER_NUMBER_OBJECT_CONVERSION = YES_AGGRESSIVE;
				CLANG_CXX_LANGUAGE_STANDARD = "gnu++14";
				CLANG_CXX_LIBRARY = "libc++";
				CLANG_ENABLE_MODULES = YES;
				CLANG_ENABLE_OBJC_ARC = YES;
				CLANG_ENABLE_OBJC_WEAK = YES;
				CLANG_WARN_BLOCK_CAPTURE_AUTORELEASING = YES;
				CLANG_WARN_BOOL_CONVERSION = YES;
				CLANG_WARN_COMMA = YES;
				CLANG_WARN_CONSTANT_CONVERSION = YES;
				CLANG_WARN_DEPRECATED_OBJC_IMPLEMENTATIONS = YES;
				CLANG_WARN_DIRECT_OBJC_ISA_USAGE = YES_ERROR;
				CLANG_WARN_DOCUMENTATION_COMMENTS = YES;
				CLANG_WARN_EMPTY_BODY = YES;
				CLANG_WARN_ENUM_CONVERSION = YES;
				CLANG_WARN_INFINITE_RECURSION = YES;
				CLANG_WARN_INT_CONVERSION = YES;
				CLANG_WARN_NON_LITERAL_NULL_CONVERSION = YES;
				CLANG_WARN_OBJC_IMPLICIT_RETAIN_SELF = YES;
				CLANG_WARN_OBJC_LITERAL_CONVERSION = YES;
				CLANG_WARN_OBJC_ROOT_CLASS = YES_ERROR;
				CLANG_WARN_RANGE_LOOP_ANALYSIS = YES;
				CLANG_WARN_STRICT_PROTOTYPES = YES;
				CLANG_WARN_SUSPICIOUS_MOVE = YES;
				CLANG_WARN_UNGUARDED_AVAILABILITY = YES_AGGRESSIVE;
				CLANG_WARN_UNREACHABLE_CODE = YES;
				CLANG_WARN__DUPLICATE_METHOD_MATCH = YES;
				CODE_SIGN_IDENTITY = "iPhone Developer";
				COPY_PHASE_STRIP = NO;
				DEBUG_INFORMATION_FORMAT = dwarf;
				ENABLE_STRICT_OBJC_MSGSEND = YES;
				ENABLE_TESTABILITY = YES;
				GCC_C_LANGUAGE_STANDARD = gnu11;
				GCC_DYNAMIC_NO_PIC = NO;
				GCC_NO_COMMON_BLOCKS = YES;
				GCC_OPTIMIZATION_LEVEL = 0;
				GCC_PREPROCESSOR_DEFINITIONS = (
					"DEBUG=1",
					"$(inherited)",
				);
				GCC_WARN_64_TO_32_BIT_CONVERSION = YES;
				GCC_WARN_ABOUT_RETURN_TYPE = YES_ERROR;
				GCC_WARN_UNDECLARED_SELECTOR = YES;
				GCC_WARN_UNINITIALIZED_AUTOS = YES_AGGRESSIVE;
				GCC_WARN_UNUSED_FUNCTION = YES;
				GCC_WARN_UNUSED_VARIABLE = YES;
				IPHONEOS_DEPLOYMENT_TARGET = 12.2;
				MTL_ENABLE_DEBUG_INFO = INCLUDE_SOURCE;
				MTL_FAST_MATH = YES;
				ONLY_ACTIVE_ARCH = YES;
				SDKROOT = iphoneos;
				SWIFT_ACTIVE_COMPILATION_CONDITIONS = DEBUG;
				SWIFT_OPTIMIZATION_LEVEL = "-Onone";
			};
			name = Debug;
		};
		9CB8FC0F22CA98C400F1820F /* Release */ = {
			isa = XCBuildConfiguration;
			buildSettings = {
				ALWAYS_SEARCH_USER_PATHS = NO;
				CLANG_ANALYZER_NONNULL = YES;
				CLANG_ANALYZER_NUMBER_OBJECT_CONVERSION = YES_AGGRESSIVE;
				CLANG_CXX_LANGUAGE_STANDARD = "gnu++14";
				CLANG_CXX_LIBRARY = "libc++";
				CLANG_ENABLE_MODULES = YES;
				CLANG_ENABLE_OBJC_ARC = YES;
				CLANG_ENABLE_OBJC_WEAK = YES;
				CLANG_WARN_BLOCK_CAPTURE_AUTORELEASING = YES;
				CLANG_WARN_BOOL_CONVERSION = YES;
				CLANG_WARN_COMMA = YES;
				CLANG_WARN_CONSTANT_CONVERSION = YES;
				CLANG_WARN_DEPRECATED_OBJC_IMPLEMENTATIONS = YES;
				CLANG_WARN_DIRECT_OBJC_ISA_USAGE = YES_ERROR;
				CLANG_WARN_DOCUMENTATION_COMMENTS = YES;
				CLANG_WARN_EMPTY_BODY = YES;
				CLANG_WARN_ENUM_CONVERSION = YES;
				CLANG_WARN_INFINITE_RECURSION = YES;
				CLANG_WARN_INT_CONVERSION = YES;
				CLANG_WARN_NON_LITERAL_NULL_CONVERSION = YES;
				CLANG_WARN_OBJC_IMPLICIT_RETAIN_SELF = YES;
				CLANG_WARN_OBJC_LITERAL_CONVERSION = YES;
				CLANG_WARN_OBJC_ROOT_CLASS = YES_ERROR;
				CLANG_WARN_RANGE_LOOP_ANALYSIS = YES;
				CLANG_WARN_STRICT_PROTOTYPES = YES;
				CLANG_WARN_SUSPICIOUS_MOVE = YES;
				CLANG_WARN_UNGUARDED_AVAILABILITY = YES_AGGRESSIVE;
				CLANG_WARN_UNREACHABLE_CODE = YES;
				CLANG_WARN__DUPLICATE_METHOD_MATCH = YES;
				CODE_SIGN_IDENTITY = "iPhone Developer";
				COPY_PHASE_STRIP = NO;
				DEBUG_INFORMATION_FORMAT = "dwarf-with-dsym";
				ENABLE_NS_ASSERTIONS = NO;
				ENABLE_STRICT_OBJC_MSGSEND = YES;
				GCC_C_LANGUAGE_STANDARD = gnu11;
				GCC_NO_COMMON_BLOCKS = YES;
				GCC_WARN_64_TO_32_BIT_CONVERSION = YES;
				GCC_WARN_ABOUT_RETURN_TYPE = YES_ERROR;
				GCC_WARN_UNDECLARED_SELECTOR = YES;
				GCC_WARN_UNINITIALIZED_AUTOS = YES_AGGRESSIVE;
				GCC_WARN_UNUSED_FUNCTION = YES;
				GCC_WARN_UNUSED_VARIABLE = YES;
				IPHONEOS_DEPLOYMENT_TARGET = 12.2;
				MTL_ENABLE_DEBUG_INFO = NO;
				MTL_FAST_MATH = YES;
				SDKROOT = iphoneos;
				SWIFT_COMPILATION_MODE = wholemodule;
				SWIFT_OPTIMIZATION_LEVEL = "-O";
				VALIDATE_PRODUCT = YES;
			};
			name = Release;
		};
		9CB8FC1122CA98C400F1820F /* Debug */ = {
			isa = XCBuildConfiguration;
			buildSettings = {
				ASSETCATALOG_COMPILER_APPICON_NAME = AppIcon;
				CODE_SIGN_STYLE = Automatic;
				INFOPLIST_FILE = Datamindedsolutions/Info.plist;
				LD_RUNPATH_SEARCH_PATHS = (
					"$(inherited)",
					"@executable_path/Frameworks",
				);
				PRODUCT_BUNDLE_IDENTIFIER = Anton.Datamindedsolutions;
				PRODUCT_NAME = "$(TARGET_NAME)";
				SWIFT_VERSION = 5.0;
				TARGETED_DEVICE_FAMILY = 1;
			};
			name = Debug;
		};
		9CB8FC1222CA98C400F1820F /* Release */ = {
			isa = XCBuildConfiguration;
			buildSettings = {
				ASSETCATALOG_COMPILER_APPICON_NAME = AppIcon;
				CODE_SIGN_STYLE = Automatic;
				INFOPLIST_FILE = Datamindedsolutions/Info.plist;
				LD_RUNPATH_SEARCH_PATHS = (
					"$(inherited)",
					"@executable_path/Frameworks",
				);
				PRODUCT_BUNDLE_IDENTIFIER = Anton.Datamindedsolutions;
				PRODUCT_NAME = "$(TARGET_NAME)";
				SWIFT_VERSION = 5.0;
				TARGETED_DEVICE_FAMILY = 1;
			};
			name = Release;
		};
/* End XCBuildConfiguration section */

/* Begin XCConfigurationList section */
		9CB8FBF922CA98C200F1820F /* Build configuration list for PBXProject "Datamindedsolutions" */ = {
			isa = XCConfigurationList;
			buildConfigurations = (
				9CB8FC0E22CA98C400F1820F /* Debug */,
				9CB8FC0F22CA98C400F1820F /* Release */,
			);
			defaultConfigurationIsVisible = 0;
			defaultConfigurationName = Release;
		};
		9CB8FC1022CA98C400F1820F /* Build configuration list for PBXNativeTarget "Datamindedsolutions" */ = {
			isa = XCConfigurationList;
			buildConfigurations = (
				9CB8FC1122CA98C400F1820F /* Debug */,
				9CB8FC1222CA98C400F1820F /* Release */,
			);
			defaultConfigurationIsVisible = 0;
			defaultConfigurationName = Release;
		};
/* End XCConfigurationList section */
	};
	rootObject = 9CB8FBF622CA98C200F1820F /* Project object */;
}
